// !$*UTF8*$!
{
	archiveVersion = 1;
	classes = {
	};
	objectVersion = 50;
	objects = {

/* Begin PBXBuildFile section */
		2E283D2C212D180C00B2AC5E /* Page.swift in Sources */ = {isa = PBXBuildFile; fileRef = 2E283D2B212D180C00B2AC5E /* Page.swift */; };
		2EC34AAC212A6EA500CCE2B8 /* SwipingController.swift in Sources */ = {isa = PBXBuildFile; fileRef = 2EC34AAB212A6EA500CCE2B8 /* SwipingController.swift */; };
		2EC34AAE212A7D4500CCE2B8 /* PageCell.swift in Sources */ = {isa = PBXBuildFile; fileRef = 2EC34AAD212A7D4500CCE2B8 /* PageCell.swift */; };
		2ECA7C21210AC782002B7100 /* AppDelegate.swift in Sources */ = {isa = PBXBuildFile; fileRef = 2ECA7C20210AC782002B7100 /* AppDelegate.swift */; };
		2ECA7C23210AC782002B7100 /* ViewController.swift in Sources */ = {isa = PBXBuildFile; fileRef = 2ECA7C22210AC782002B7100 /* ViewController.swift */; };
		2ECA7C26210AC782002B7100 /* Main.storyboard in Resources */ = {isa = PBXBuildFile; fileRef = 2ECA7C24210AC782002B7100 /* Main.storyboard */; };
		2ECA7C28210AC784002B7100 /* Assets.xcassets in Resources */ = {isa = PBXBuildFile; fileRef = 2ECA7C27210AC784002B7100 /* Assets.xcassets */; };
		2ECA7C2B210AC784002B7100 /* LaunchScreen.storyboard in Resources */ = {isa = PBXBuildFile; fileRef = 2ECA7C29210AC784002B7100 /* LaunchScreen.storyboard */; };
/* End PBXBuildFile section */

/* Begin PBXFileReference section */
		2E283D2B212D180C00B2AC5E /* Page.swift */ = {isa = PBXFileReference; lastKnownFileType = sourcecode.swift; path = Page.swift; sourceTree = "<group>"; };
		2EC34AAB212A6EA500CCE2B8 /* SwipingController.swift */ = {isa = PBXFileReference; lastKnownFileType = sourcecode.swift; path = SwipingController.swift; sourceTree = "<group>"; };
		2EC34AAD212A7D4500CCE2B8 /* PageCell.swift */ = {isa = PBXFileReference; lastKnownFileType = sourcecode.swift; path = PageCell.swift; sourceTree = "<group>"; };
		2ECA7C1D210AC782002B7100 /* auto_layout_swift4.app */ = {isa = PBXFileReference; explicitFileType = wrapper.application; includeInIndex = 0; path = auto_layout_swift4.app; sourceTree = BUILT_PRODUCTS_DIR; };
		2ECA7C20210AC782002B7100 /* AppDelegate.swift */ = {isa = PBXFileReference; lastKnownFileType = sourcecode.swift; path = AppDelegate.swift; sourceTree = "<group>"; };
		2ECA7C22210AC782002B7100 /* ViewController.swift */ = {isa = PBXFileReference; lastKnownFileType = sourcecode.swift; path = ViewController.swift; sourceTree = "<group>"; };
		2ECA7C25210AC782002B7100 /* Base */ = {isa = PBXFileReference; lastKnownFileType = file.storyboard; name = Base; path = Base.lproj/Main.storyboard; sourceTree = "<group>"; };
		2ECA7C27210AC784002B7100 /* Assets.xcassets */ = {isa = PBXFileReference; lastKnownFileType = folder.assetcatalog; path = Assets.xcassets; sourceTree = "<group>"; };
		2ECA7C2A210AC784002B7100 /* Base */ = {isa = PBXFileReference; lastKnownFileType = file.storyboard; name = Base; path = Base.lproj/LaunchScreen.storyboard; sourceTree = "<group>"; };
		2ECA7C2C210AC784002B7100 /* Info.plist */ = {isa = PBXFileReference; lastKnownFileType = text.plist.xml; path = Info.plist; sourceTree = "<group>"; };
/* End PBXFileReference section */

/* Begin PBXFrameworksBuildPhase section */
		2ECA7C1A210AC782002B7100 /* Frameworks */ = {
			isa = PBXFrameworksBuildPhase;
			buildActionMask = 2147483647;
			files = (
			);
			runOnlyForDeploymentPostprocessing = 0;
		};
/* End PBXFrameworksBuildPhase section */

/* Begin PBXGroup section */
		2ECA7C14210AC782002B7100 = {
			isa = PBXGroup;
			children = (
				2ECA7C1F210AC782002B7100 /* auto_layout_swift4 */,
				2ECA7C1E210AC782002B7100 /* Products */,
			);
			sourceTree = "<group>";
		};
		2ECA7C1E210AC782002B7100 /* Products */ = {
			isa = PBXGroup;
			children = (
				2ECA7C1D210AC782002B7100 /* auto_layout_swift4.app */,
			);
			name = Products;
			sourceTree = "<group>";
		};
		2ECA7C1F210AC782002B7100 /* auto_layout_swift4 */ = {
			isa = PBXGroup;
			children = (
				2ECA7C20210AC782002B7100 /* AppDelegate.swift */,
				2ECA7C22210AC782002B7100 /* ViewController.swift */,
				2ECA7C24210AC782002B7100 /* Main.storyboard */,
				2ECA7C27210AC784002B7100 /* Assets.xcassets */,
				2ECA7C29210AC784002B7100 /* LaunchScreen.storyboard */,
				2ECA7C2C210AC784002B7100 /* Info.plist */,
				2EC34AAB212A6EA500CCE2B8 /* SwipingController.swift */,
				2EC34AAD212A7D4500CCE2B8 /* PageCell.swift */,
				2E283D2B212D180C00B2AC5E /* Page.swift */,
			);
			path = auto_layout_swift4;
			sourceTree = "<group>";
		};
/* End PBXGroup section */

/* Begin PBXNativeTarget section */
		2ECA7C1C210AC782002B7100 /* auto_layout_swift4 */ = {
			isa = PBXNativeTarget;
			buildConfigurationList = 2ECA7C2F210AC784002B7100 /* Build configuration list for PBXNativeTarget "auto_layout_swift4" */;
			buildPhases = (
				2ECA7C19210AC782002B7100 /* Sources */,
				2ECA7C1A210AC782002B7100 /* Frameworks */,
				2ECA7C1B210AC782002B7100 /* Resources */,
			);
			buildRules = (
			);
			dependencies = (
			);
			name = auto_layout_swift4;
			productName = auto_layout_swift4;
			productReference = 2ECA7C1D210AC782002B7100 /* auto_layout_swift4.app */;
			productType = "com.apple.product-type.application";
		};
/* End PBXNativeTarget section */

/* Begin PBXProject section */
		2ECA7C15210AC782002B7100 /* Project object */ = {
			isa = PBXProject;
			attributes = {
				LastSwiftUpdateCheck = 0940;
				LastUpgradeCheck = 0940;
				ORGANIZATIONNAME = "Thien Vu Le";
				TargetAttributes = {
					2ECA7C1C210AC782002B7100 = {
						CreatedOnToolsVersion = 9.4.1;
					};
				};
			};
			buildConfigurationList = 2ECA7C18210AC782002B7100 /* Build configuration list for PBXProject "auto_layout_swift4" */;
			compatibilityVersion = "Xcode 9.3";
			developmentRegion = en;
			hasScannedForEncodings = 0;
			knownRegions = (
				en,
				Base,
			);
			mainGroup = 2ECA7C14210AC782002B7100;
			productRefGroup = 2ECA7C1E210AC782002B7100 /* Products */;
			projectDirPath = "";
			projectRoot = "";
			targets = (
				2ECA7C1C210AC782002B7100 /* auto_layout_swift4 */,
			);
		};
/* End PBXProject section */

/* Begin PBXResourcesBuildPhase section */
		2ECA7C1B210AC782002B7100 /* Resources */ = {
			isa = PBXResourcesBuildPhase;
			buildActionMask = 2147483647;
			files = (
				2ECA7C2B210AC784002B7100 /* LaunchScreen.storyboard in Resources */,
				2ECA7C28210AC784002B7100 /* Assets.xcassets in Resources */,
				2ECA7C26210AC782002B7100 /* Main.storyboard in Resources */,
			);
			runOnlyForDeploymentPostprocessing = 0;
		};
/* End PBXResourcesBuildPhase section */

/* Begin PBXSourcesBuildPhase section */
		2ECA7C19210AC782002B7100 /* Sources */ = {
			isa = PBXSourcesBuildPhase;
			buildActionMask = 2147483647;
			files = (
				2ECA7C23210AC782002B7100 /* ViewController.swift in Sources */,
				2ECA7C21210AC782002B7100 /* AppDelegate.swift in Sources */,
				2EC34AAE212A7D4500CCE2B8 /* PageCell.swift in Sources */,
				2EC34AAC212A6EA500CCE2B8 /* SwipingController.swift in Sources */,
				2E283D2C212D180C00B2AC5E /* Page.swift in Sources */,
			);
			runOnlyForDeploymentPostprocessing = 0;
		};
/* End PBXSourcesBuildPhase section */

/* Begin PBXVariantGroup section */
		2ECA7C24210AC782002B7100 /* Main.storyboard */ = {
			isa = PBXVariantGroup;
			children = (
				2ECA7C25210AC782002B7100 /* Base */,
			);
			name = Main.storyboard;
			sourceTree = "<group>";
		};
		2ECA7C29210AC784002B7100 /* LaunchScreen.storyboard */ = {
			isa = PBXVariantGroup;
			children = (
				2ECA7C2A210AC784002B7100 /* Base */,
			);
			name = LaunchScreen.storyboard;
			sourceTree = "<group>";
		};
/* End PBXVariantGroup section */

/* Begin XCBuildConfiguration section */
		2ECA7C2D210AC784002B7100 /* Debug */ = {
			isa = XCBuildConfiguration;
			buildSettings = {
				ALWAYS_SEARCH_USER_PATHS = NO;
				CLANG_ANALYZER_NONNULL = YES;
				CLANG_ANALYZER_NUMBER_OBJECT_CONVERSION = YES_AGGRESSIVE;
				CLANG_CXX_LANGUAGE_STANDARD = "gnu++14";
				CLANG_CXX_LIBRARY = "libc++";
				CLANG_ENABLE_MODULES = YES;
				CLANG_ENABLE_OBJC_ARC = YES;
				CLANG_ENABLE_OBJC_WEAK = YES;
				CLANG_WARN_BLOCK_CAPTURE_AUTORELEASING = YES;
				CLANG_WARN_BOOL_CONVERSION = YES;
				CLANG_WARN_COMMA = YES;
				CLANG_WARN_CONSTANT_CONVERSION = YES;
				CLANG_WARN_DEPRECATED_OBJC_IMPLEMENTATIONS = YES;
				CLANG_WARN_DIRECT_OBJC_ISA_USAGE = YES_ERROR;
				CLANG_WARN_DOCUMENTATION_COMMENTS = YES;
				CLANG_WARN_EMPTY_BODY = YES;
				CLANG_WARN_ENUM_CONVERSION = YES;
				CLANG_WARN_INFINITE_RECURSION = YES;
				CLANG_WARN_INT_CONVERSION = YES;
				CLANG_WARN_NON_LITERAL_NULL_CONVERSION = YES;
				CLANG_WARN_OBJC_IMPLICIT_RETAIN_SELF = YES;
				CLANG_WARN_OBJC_LITERAL_CONVERSION = YES;
				CLANG_WARN_OBJC_ROOT_CLASS = YES_ERROR;
				CLANG_WARN_RANGE_LOOP_ANALYSIS = YES;
				CLANG_WARN_STRICT_PROTOTYPES = YES;
				CLANG_WARN_SUSPICIOUS_MOVE = YES;
				CLANG_WARN_UNGUARDED_AVAILABILITY = YES_AGGRESSIVE;
				CLANG_WARN_UNREACHABLE_CODE = YES;
				CLANG_WARN__DUPLICATE_METHOD_MATCH = YES;
				CODE_SIGN_IDENTITY = "iPhone Developer";
				COPY_PHASE_STRIP = NO;
				DEBUG_INFORMATION_FORMAT = dwarf;
				ENABLE_STRICT_OBJC_MSGSEND = YES;
				ENABLE_TESTABILITY = YES;
				GCC_C_LANGUAGE_STANDARD = gnu11;
				GCC_DYNAMIC_NO_PIC = NO;
				GCC_NO_COMMON_BLOCKS = YES;
				GCC_OPTIMIZATION_LEVEL = 0;
				GCC_PREPROCESSOR_DEFINITIONS = (
					"DEBUG=1",
					"$(inherited)",
				);
				GCC_WARN_64_TO_32_BIT_CONVERSION = YES;
				GCC_WARN_ABOUT_RETURN_TYPE = YES_ERROR;
				GCC_WARN_UNDECLARED_SELECTOR = YES;
				GCC_WARN_UNINITIALIZED_AUTOS = YES_AGGRESSIVE;
				GCC_WARN_UNUSED_FUNCTION = YES;
				GCC_WARN_UNUSED_VARIABLE = YES;
				IPHONEOS_DEPLOYMENT_TARGET = 11.4;
				MTL_ENABLE_DEBUG_INFO = YES;
				ONLY_ACTIVE_ARCH = YES;
				SDKROOT = iphoneos;
				SWIFT_ACTIVE_COMPILATION_CONDITIONS = DEBUG;
				SWIFT_OPTIMIZATION_LEVEL = "-Onone";
			};
			name = Debug;
		};
		2ECA7C2E210AC784002B7100 /* Release */ = {
			isa = XCBuildConfiguration;
			buildSettings = {
				ALWAYS_SEARCH_USER_PATHS = NO;
				CLANG_ANALYZER_NONNULL = YES;
				CLANG_ANALYZER_NUMBER_OBJECT_CONVERSION = YES_AGGRESSIVE;
				CLANG_CXX_LANGUAGE_STANDARD = "gnu++14";
				CLANG_CXX_LIBRARY = "libc++";
				CLANG_ENABLE_MODULES = YES;
				CLANG_ENABLE_OBJC_ARC = YES;
				CLANG_ENABLE_OBJC_WEAK = YES;
				CLANG_WARN_BLOCK_CAPTURE_AUTORELEASING = YES;
				CLANG_WARN_BOOL_CONVERSION = YES;
				CLANG_WARN_COMMA = YES;
				CLANG_WARN_CONSTANT_CONVERSION = YES;
				CLANG_WARN_DEPRECATED_OBJC_IMPLEMENTATIONS = YES;
				CLANG_WARN_DIRECT_OBJC_ISA_USAGE = YES_ERROR;
				CLANG_WARN_DOCUMENTATION_COMMENTS = YES;
				CLANG_WARN_EMPTY_BODY = YES;
				CLANG_WARN_ENUM_CONVERSION = YES;
				CLANG_WARN_INFINITE_RECURSION = YES;
				CLANG_WARN_INT_CONVERSION = YES;
				CLANG_WARN_NON_LITERAL_NULL_CONVERSION = YES;
				CLANG_WARN_OBJC_IMPLICIT_RETAIN_SELF = YES;
				CLANG_WARN_OBJC_LITERAL_CONVERSION = YES;
				CLANG_WARN_OBJC_ROOT_CLASS = YES_ERROR;
				CLANG_WARN_RANGE_LOOP_ANALYSIS = YES;
				CLANG_WARN_STRICT_PROTOTYPES = YES;
				CLANG_WARN_SUSPICIOUS_MOVE = YES;
				CLANG_WARN_UNGUARDED_AVAILABILITY = YES_AGGRESSIVE;
				CLANG_WARN_UNREACHABLE_CODE = YES;
				CLANG_WARN__DUPLICATE_METHOD_MATCH = YES;
				CODE_SIGN_IDENTITY = "iPhone Developer";
				COPY_PHASE_STRIP = NO;
				DEBUG_INFORMATION_FORMAT = "dwarf-with-dsym";
				ENABLE_NS_ASSERTIONS = NO;
				ENABLE_STRICT_OBJC_MSGSEND = YES;
				GCC_C_LANGUAGE_STANDARD = gnu11;
				GCC_NO_COMMON_BLOCKS = YES;
				GCC_WARN_64_TO_32_BIT_CONVERSION = YES;
				GCC_WARN_ABOUT_RETURN_TYPE = YES_ERROR;
				GCC_WARN_UNDECLARED_SELECTOR = YES;
				GCC_WARN_UNINITIALIZED_AUTOS = YES_AGGRESSIVE;
				GCC_WARN_UNUSED_FUNCTION = YES;
				GCC_WARN_UNUSED_VARIABLE = YES;
				IPHONEOS_DEPLOYMENT_TARGET = 11.4;
				MTL_ENABLE_DEBUG_INFO = NO;
				SDKROOT = iphoneos;
				SWIFT_COMPILATION_MODE = wholemodule;
				SWIFT_OPTIMIZATION_LEVEL = "-O";
				VALIDATE_PRODUCT = YES;
			};
			name = Release;
		};
		2ECA7C30210AC784002B7100 /* Debug */ = {
			isa = XCBuildConfiguration;
			buildSettings = {
				ASSETCATALOG_COMPILER_APPICON_NAME = AppIcon;
				CODE_SIGN_STYLE = Automatic;
				DEVELOPMENT_TEAM = ZGKWMC3UA4;
				INFOPLIST_FILE = auto_layout_swift4/Info.plist;
				LD_RUNPATH_SEARCH_PATHS = (
					"$(inherited)",
					"@executable_path/Frameworks",
				);
				PRODUCT_BUNDLE_IDENTIFIER = "com.thienvule.auto-layout-swift4";
				PRODUCT_NAME = "$(TARGET_NAME)";
				SWIFT_VERSION = 4.0;
				TARGETED_DEVICE_FAMILY = "1,2";
			};
			name = Debug;
		};
		2ECA7C31210AC784002B7100 /* Release */ = {
			isa = XCBuildConfiguration;
			buildSettings = {
				ASSETCATALOG_COMPILER_APPICON_NAME = AppIcon;
				CODE_SIGN_STYLE = Automatic;
				DEVELOPMENT_TEAM = ZGKWMC3UA4;
				INFOPLIST_FILE = auto_layout_swift4/Info.plist;
				LD_RUNPATH_SEARCH_PATHS = (
					"$(inherited)",
					"@executable_path/Frameworks",
				);
				PRODUCT_BUNDLE_IDENTIFIER = "com.thienvule.auto-layout-swift4";
				PRODUCT_NAME = "$(TARGET_NAME)";
				SWIFT_VERSION = 4.0;
				TARGETED_DEVICE_FAMILY = "1,2";
			};
			name = Release;
		};
/* End XCBuildConfiguration section */

/* Begin XCConfigurationList section */
		2ECA7C18210AC782002B7100 /* Build configuration list for PBXProject "auto_layout_swift4" */ = {
			isa = XCConfigurationList;
			buildConfigurations = (
				2ECA7C2D210AC784002B7100 /* Debug */,
				2ECA7C2E210AC784002B7100 /* Release */,
			);
			defaultConfigurationIsVisible = 0;
			defaultConfigurationName = Release;
		};
		2ECA7C2F210AC784002B7100 /* Build configuration list for PBXNativeTarget "auto_layout_swift4" */ = {
			isa = XCConfigurationList;
			buildConfigurations = (
				2ECA7C30210AC784002B7100 /* Debug */,
				2ECA7C31210AC784002B7100 /* Release */,
			);
			defaultConfigurationIsVisible = 0;
			defaultConfigurationName = Release;
		};
/* End XCConfigurationList section */
	};
	rootObject = 2ECA7C15210AC782002B7100 /* Project object */;
}
